github.com/gordonklaus/portaudio v0.0.0-20250206071425-98a94950218b h1:WEuQWBxelOGHA6z9lABqaMLMrfwVyMdN3UgRLT+YUPo=
github.com/gordonklaus/portaudio v0.0.0-20250206071425-98a94950218b/go.mod h1:esZFQEUwqC+l76f2R8bIWSwXMaPbp79PppwZ1eJhFco=
github.com/gotk3/gotk3 v0.6.4 h1:5ur/PRr86PwCG8eSj98D1eXvhrNNK6GILS2zq779dCg=
github.com/gotk3/gotk3 v0.6.4/go.mod h1:/hqFpkNa9T3JgNAE2fLvCdov7c5bw//FHNZrZ3Uv9/Q=
github.com/gotk3/gotk3 v0.6.5-0.20240618185848-ff349ae13f56 h1:eR+xxC8qqKuPMTucZqaklBxLIT7/4L7dzhlwKMrDbj8=
github.com/gotk3/gotk3 v0.6.5-0.20240618185848-ff349ae13f56/go.mod h1:/hqFpkNa9T3JgNAE2fLvCdov7c5bw//FHNZrZ3Uv9/Q=
github.com/mattn/go-gtk v0.0.0-20240119050609-48574e312fac h1:tNm7zRceQAOg9D8vQFq0K9hy49j39+9+7rSjML4YREI=
github.com/mattn/go-gtk v0.0.0-20240119050609-48574e312fac/go.mod h1:PwzwfeB5syFHXORC3MtPylVcjIoTDT/9cvkKpEndGVI=
github.com/mattn/go-pointer v0.0.1 h1:n+XhsuGeVO6MEAp7xyEukFINEa+Quek5psIR/ylA6o0=
github.com/mattn/go-pointer v0.0.1/go.mod h1:2zXcozF6qYGgmsG+SeTZz3oAbFLdD3OWqnUbNvJZAlc=
github.com/sstallion/go-hid v0.15.0 h1:WERW/VW3Us6N73V2qa7HjdqWQvwHd0CoRDOP/N707/w=
github.com/sstallion/go-hid v0.15.0/go.mod h1:fPKp4rqx0xuoTV94gwKojsPG++KNKhxuU88goGuGM7I=
github.com/veandco/go-sdl2 v0.4.40 h1:fZv6wC3zz1Xt167P09gazawnpa0KY5LM7JAvKpX9d/U=
github.com/veandco/go-sdl2 v0.4.40/go.mod h1:OROqMhHD43nT4/i9crJukyVecjPNYYuCofep6SNiAjY=
golang.org/x/sys v0.8.0 h1:EBmGv8NaZBZTWvrbjNoL6HVt+IVy3QDQpJs7VRIw3tU=
golang.org/x/sys v0.8.0/go.mod h1:oPkhp1MJrh7nUepCBck5+mAzfO9JrbApNNgaTdGDITg=
